
Microsoft Visual Studio Solution File, Format Version 12.00
# Visual Studio Version 16
VisualStudioVersion = 16.0.31515.178
MinimumVisualStudioVersion = 10.0.40219.1
Project("{FAE04EC0-301F-11D3-BF4B-00C04F79EFBC}") = "Rentals", "Rentals\Rentals.csproj", "{BE662CB6-8695-48B4-8290-7EE848A48C50}"
EndProject
Project("{FAE04EC0-301F-11D3-BF4B-00C04F79EFBC}") = "Rentals.Tests", "Rentals.Tests\Rentals.Tests.csproj", "{595E86E5-35C2-4E56-97C4-1102426EA1ED}"
EndProject
Global
	GlobalSection(SolutionConfigurationPlatforms) = preSolution
		Debug|Any CPU = Debug|Any CPU
		Release|Any CPU = Release|Any CPU
	EndGlobalSection
	GlobalSection(ProjectConfigurationPlatforms) = postSolution
		{BE662CB6-8695-48B4-8290-7EE848A48C50}.Debug|Any CPU.ActiveCfg = Debug|Any CPU
		{BE662CB6-8695-48B4-8290-7EE848A48C50}.Debug|Any CPU.Build.0 = Debug|Any CPU
		{BE662CB6-8695-48B4-8290-7EE848A48C50}.Release|Any CPU.ActiveCfg = Release|Any CPU
		{BE662CB6-8695-48B4-8290-7EE848A48C50}.Release|Any CPU.Build.0 = Release|Any CPU
		{595E86E5-35C2-4E56-97C4-1102426EA1ED}.Debug|Any CPU.ActiveCfg = Debug|Any CPU
		{595E86E5-35C2-4E56-97C4-1102426EA1ED}.Debug|Any CPU.Build.0 = Debug|Any CPU
		{595E86E5-35C2-4E56-97C4-1102426EA1ED}.Release|Any CPU.ActiveCfg = Release|Any CPU
		{595E86E5-35C2-4E56-97C4-1102426EA1ED}.Release|Any CPU.Build.0 = Release|Any CPU
	EndGlobalSection
	GlobalSection(SolutionProperties) = preSolution
		HideSolutionNode = FALSE
	EndGlobalSection
	GlobalSection(ExtensibilityGlobals) = postSolution
		SolutionGuid = {20CB852E-ACEB-41C4-9156-5E7A62DF41E8}
	EndGlobalSection
EndGlobal
